
Microsoft Visual Studio Solution File, Format Version 12.00
# Visual Studio 14
VisualStudioVersion = 14.0.25420.1
MinimumVisualStudioVersion = 10.0.40219.1
Project("{2150E333-8FDC-42A3-9474-1A3956D46DE8}") = "src", "src", "{C1A23337-09E1-464E-9343-F304EFAAED1E}"
EndProject
Project("{2150E333-8FDC-42A3-9474-1A3956D46DE8}") = "Solution Items", "Solution Items", "{1A711BF1-0A89-4734-96B6-60CE698D203B}"
	ProjectSection(SolutionItems) = preProject
		global.json = global.json
	EndProjectSection
EndProject
Project("{8BB2217D-0F2D-49D1-97BC-3654ED321F3B}") = "WarMachine", "src\WarMachine\WarMachine.xproj", "{465C65D2-300A-4D4F-BD87-376D526620CF}"
EndProject
Global
	GlobalSection(SolutionConfigurationPlatforms) = preSolution
		Debug|Any CPU = Debug|Any CPU
		Release|Any CPU = Release|Any CPU
	EndGlobalSection
	GlobalSection(ProjectConfigurationPlatforms) = postSolution
		{465C65D2-300A-4D4F-BD87-376D526620CF}.Debug|Any CPU.ActiveCfg = Debug|Any CPU
		{465C65D2-300A-4D4F-BD87-376D526620CF}.Debug|Any CPU.Build.0 = Debug|Any CPU
		{465C65D2-300A-4D4F-BD87-376D526620CF}.Release|Any CPU.ActiveCfg = Release|Any CPU
		{465C65D2-300A-4D4F-BD87-376D526620CF}.Release|Any CPU.Build.0 = Release|Any CPU
	EndGlobalSection
	GlobalSection(SolutionProperties) = preSolution
		HideSolutionNode = FALSE
	EndGlobalSection
	GlobalSection(NestedProjects) = preSolution
		{465C65D2-300A-4D4F-BD87-376D526620CF} = {C1A23337-09E1-464E-9343-F304EFAAED1E}
	EndGlobalSection
EndGlobal
